
Microsoft Visual Studio Solution File, Format Version 12.00
Project("{FAE04EC0-301F-11D3-BF4B-00C04F79EFBC}") = "Extensions.Caching.DynamoDb", "src\Extensions.Caching.DynamoDb\Extensions.Caching.DynamoDb.csproj", "{1FA23034-2245-48D4-8EC5-F630C11F9D8E}"
EndProject
Project("{2150E333-8FDC-42A3-9474-1A3956D46DE8}") = "src", "src", "{1B83D997-E76A-4B87-9993-F091259B8DEA}"
EndProject
Project("{2150E333-8FDC-42A3-9474-1A3956D46DE8}") = "tests", "tests", "{ABB0D28D-6C2C-4D16-9B36-AB96A3BD985F}"
EndProject
Project("{FAE04EC0-301F-11D3-BF4B-00C04F79EFBC}") = "Extensions.Caching.DynamoDb.UnitTests", "tests\Extensions.Caching.DynamoDb.UnitTests\Extensions.Caching.DynamoDb.UnitTests.csproj", "{B2788154-100B-465D-93B5-92A69D9A7A66}"
EndProject
Project("{FAE04EC0-301F-11D3-BF4B-00C04F79EFBC}") = "Extensions.Caching.DynamoDb.IntegrationTests", "tests\Extensions.Caching.DynamoDb.IntegrationTests\Extensions.Caching.DynamoDb.IntegrationTests.csproj", "{8D02E2E1-223A-4BFB-8F62-82D19CAEFEDF}"
EndProject
Global
	GlobalSection(SolutionConfigurationPlatforms) = preSolution
		Debug|Any CPU = Debug|Any CPU
		Release|Any CPU = Release|Any CPU
	EndGlobalSection
	GlobalSection(ProjectConfigurationPlatforms) = postSolution
		{1FA23034-2245-48D4-8EC5-F630C11F9D8E}.Debug|Any CPU.ActiveCfg = Debug|Any CPU
		{1FA23034-2245-48D4-8EC5-F630C11F9D8E}.Debug|Any CPU.Build.0 = Debug|Any CPU
		{1FA23034-2245-48D4-8EC5-F630C11F9D8E}.Release|Any CPU.ActiveCfg = Release|Any CPU
		{1FA23034-2245-48D4-8EC5-F630C11F9D8E}.Release|Any CPU.Build.0 = Release|Any CPU
		{B2788154-100B-465D-93B5-92A69D9A7A66}.Debug|Any CPU.ActiveCfg = Debug|Any CPU
		{B2788154-100B-465D-93B5-92A69D9A7A66}.Debug|Any CPU.Build.0 = Debug|Any CPU
		{B2788154-100B-465D-93B5-92A69D9A7A66}.Release|Any CPU.ActiveCfg = Release|Any CPU
		{B2788154-100B-465D-93B5-92A69D9A7A66}.Release|Any CPU.Build.0 = Release|Any CPU
		{8D02E2E1-223A-4BFB-8F62-82D19CAEFEDF}.Debug|Any CPU.ActiveCfg = Debug|Any CPU
		{8D02E2E1-223A-4BFB-8F62-82D19CAEFEDF}.Debug|Any CPU.Build.0 = Debug|Any CPU
		{8D02E2E1-223A-4BFB-8F62-82D19CAEFEDF}.Release|Any CPU.ActiveCfg = Release|Any CPU
		{8D02E2E1-223A-4BFB-8F62-82D19CAEFEDF}.Release|Any CPU.Build.0 = Release|Any CPU
	EndGlobalSection
	GlobalSection(NestedProjects) = preSolution
		{1FA23034-2245-48D4-8EC5-F630C11F9D8E} = {1B83D997-E76A-4B87-9993-F091259B8DEA}
		{B2788154-100B-465D-93B5-92A69D9A7A66} = {ABB0D28D-6C2C-4D16-9B36-AB96A3BD985F}
		{8D02E2E1-223A-4BFB-8F62-82D19CAEFEDF} = {ABB0D28D-6C2C-4D16-9B36-AB96A3BD985F}
	EndGlobalSection
EndGlobal
